
Microsoft Visual Studio Solution File, Format Version 12.00
# Visual Studio Version 17
VisualStudioVersion = 17.4.33403.182
MinimumVisualStudioVersion = 10.0.40219.1
Project("{8BC9CEB8-8B4A-11D0-8D11-00A0C91BC942}") = "test_2023_07_23", "test_2023_07_23.vcxproj", "{B7D3DFB8-24D5-4CE9-A285-1698D934401E}"
EndProject
Global
	GlobalSection(SolutionConfigurationPlatforms) = preSolution
		Debug|x64 = Debug|x64
		Debug|x86 = Debug|x86
		Release|x64 = Release|x64
		Release|x86 = Release|x86
	EndGlobalSection
	GlobalSection(ProjectConfigurationPlatforms) = postSolution
		{B7D3DFB8-24D5-4CE9-A285-1698D934401E}.Debug|x64.ActiveCfg = Debug|x64
		{B7D3DFB8-24D5-4CE9-A285-1698D934401E}.Debug|x64.Build.0 = Debug|x64
		{B7D3DFB8-24D5-4CE9-A285-1698D934401E}.Debug|x86.ActiveCfg = Debug|Win32
		{B7D3DFB8-24D5-4CE9-A285-1698D934401E}.Debug|x86.Build.0 = Debug|Win32
		{B7D3DFB8-24D5-4CE9-A285-1698D934401E}.Release|x64.ActiveCfg = Release|x64
		{B7D3DFB8-24D5-4CE9-A285-1698D934401E}.Release|x64.Build.0 = Release|x64
		{B7D3DFB8-24D5-4CE9-A285-1698D934401E}.Release|x86.ActiveCfg = Release|Win32
		{B7D3DFB8-24D5-4CE9-A285-1698D934401E}.Release|x86.Build.0 = Release|Win32
	EndGlobalSection
	GlobalSection(SolutionProperties) = preSolution
		HideSolutionNode = FALSE
	EndGlobalSection
	GlobalSection(ExtensibilityGlobals) = postSolution
		SolutionGuid = {8D002565-B1D8-4809-9EA6-EEB0DADC6166}
	EndGlobalSection
EndGlobal
